
Microsoft Visual Studio Solution File, Format Version 12.00
# Visual Studio Version 17
VisualStudioVersion = 17.8.34316.72
MinimumVisualStudioVersion = 10.0.40219.1
Project("{FAE04EC0-301F-11D3-BF4B-00C04F79EFBC}") = "assigment", "assigment\assigment.csproj", "{DA3B6305-CA59-4CC8-9C42-F87EAB6ECCAE}"
EndProject
Global
	GlobalSection(SolutionConfigurationPlatforms) = preSolution
		Debug|Any CPU = Debug|Any CPU
		Release|Any CPU = Release|Any CPU
	EndGlobalSection
	GlobalSection(ProjectConfigurationPlatforms) = postSolution
		{DA3B6305-CA59-4CC8-9C42-F87EAB6ECCAE}.Debug|Any CPU.ActiveCfg = Debug|Any CPU
		{DA3B6305-CA59-4CC8-9C42-F87EAB6ECCAE}.Debug|Any CPU.Build.0 = Debug|Any CPU
		{DA3B6305-CA59-4CC8-9C42-F87EAB6ECCAE}.Release|Any CPU.ActiveCfg = Release|Any CPU
		{DA3B6305-CA59-4CC8-9C42-F87EAB6ECCAE}.Release|Any CPU.Build.0 = Release|Any CPU
	EndGlobalSection
	GlobalSection(SolutionProperties) = preSolution
		HideSolutionNode = FALSE
	EndGlobalSection
	GlobalSection(ExtensibilityGlobals) = postSolution
		SolutionGuid = {4D3A14E0-5ADB-435A-A5A5-578A492C1435}
	EndGlobalSection
EndGlobal
